# THIS IS AN AUTOGENERATED FILE. DO NOT EDIT THIS FILE DIRECTLY.
# yarn lockfile v1


moment@^2.18.1:
  version "2.18.1"
  resolved "https://registry.yarnpkg.com/moment/-/moment-2.18.1.tgz#c36193dd3ce1c2eed2adb7c802dbbc77a81b1c0f"

vue2-filters@^0.1.9:
  version "0.1.9"
  resolved "https://registry.yarnpkg.com/vue2-filters/-/vue2-filters-0.1.9.tgz#3fc9e78e5744efff03223cff0e395907bb6b41ed"
